
Microsoft Visual Studio Solution File, Format Version 12.00
# Visual Studio 15
VisualStudioVersion = 15.0.28307.757
MinimumVisualStudioVersion = 10.0.40219.1
Project("{FAE04EC0-301F-11D3-BF4B-00C04F79EFBC}") = "StandInLineProgram", "StandInLineProgram\StandInLineProgram.csproj", "{230DB26E-F693-4DA8-BB32-F93ED10AAC3C}"
EndProject
Global
	GlobalSection(SolutionConfigurationPlatforms) = preSolution
		Debug|Any CPU = Debug|Any CPU
		Release|Any CPU = Release|Any CPU
	EndGlobalSection
	GlobalSection(ProjectConfigurationPlatforms) = postSolution
		{230DB26E-F693-4DA8-BB32-F93ED10AAC3C}.Debug|Any CPU.ActiveCfg = Debug|Any CPU
		{230DB26E-F693-4DA8-BB32-F93ED10AAC3C}.Debug|Any CPU.Build.0 = Debug|Any CPU
		{230DB26E-F693-4DA8-BB32-F93ED10AAC3C}.Release|Any CPU.ActiveCfg = Release|Any CPU
		{230DB26E-F693-4DA8-BB32-F93ED10AAC3C}.Release|Any CPU.Build.0 = Release|Any CPU
	EndGlobalSection
	GlobalSection(SolutionProperties) = preSolution
		HideSolutionNode = FALSE
	EndGlobalSection
	GlobalSection(ExtensibilityGlobals) = postSolution
		SolutionGuid = {957142D3-7F79-49CE-8DE3-4305EDF3FC67}
	EndGlobalSection
EndGlobal
